
Microsoft Visual Studio Solution File, Format Version 12.00
# Visual Studio Version 16
VisualStudioVersion = 16.0.31624.102
MinimumVisualStudioVersion = 10.0.40219.1
Project("{9A19103F-16F7-4668-BE54-9A1E7A4F7556}") = "CRUD_SQL_Console", "CRUD_SQL_Console.csproj", "{7CF24E5F-BAC7-4B13-9C58-2B1F1A881BB7}"
EndProject
Project("{9A19103F-16F7-4668-BE54-9A1E7A4F7556}") = "DAL_CRUD", "..\DAL_CRUD\DAL_CRUD.csproj", "{D6D0B982-954B-49D8-97A8-C417B4B46AE2}"
EndProject
Project("{FAE04EC0-301F-11D3-BF4B-00C04F79EFBC}") = "Model", "..\Model\Model.csproj", "{D594C9CF-DD1B-4F26-B98F-E9D0E0226E0D}"
EndProject
Global
	GlobalSection(SolutionConfigurationPlatforms) = preSolution
		Debug|Any CPU = Debug|Any CPU
		Release|Any CPU = Release|Any CPU
	EndGlobalSection
	GlobalSection(ProjectConfigurationPlatforms) = postSolution
		{7CF24E5F-BAC7-4B13-9C58-2B1F1A881BB7}.Debug|Any CPU.ActiveCfg = Debug|Any CPU
		{7CF24E5F-BAC7-4B13-9C58-2B1F1A881BB7}.Debug|Any CPU.Build.0 = Debug|Any CPU
		{7CF24E5F-BAC7-4B13-9C58-2B1F1A881BB7}.Release|Any CPU.ActiveCfg = Release|Any CPU
		{7CF24E5F-BAC7-4B13-9C58-2B1F1A881BB7}.Release|Any CPU.Build.0 = Release|Any CPU
		{D6D0B982-954B-49D8-97A8-C417B4B46AE2}.Debug|Any CPU.ActiveCfg = Debug|Any CPU
		{D6D0B982-954B-49D8-97A8-C417B4B46AE2}.Debug|Any CPU.Build.0 = Debug|Any CPU
		{D6D0B982-954B-49D8-97A8-C417B4B46AE2}.Release|Any CPU.ActiveCfg = Release|Any CPU
		{D6D0B982-954B-49D8-97A8-C417B4B46AE2}.Release|Any CPU.Build.0 = Release|Any CPU
		{D594C9CF-DD1B-4F26-B98F-E9D0E0226E0D}.Debug|Any CPU.ActiveCfg = Debug|Any CPU
		{D594C9CF-DD1B-4F26-B98F-E9D0E0226E0D}.Debug|Any CPU.Build.0 = Debug|Any CPU
		{D594C9CF-DD1B-4F26-B98F-E9D0E0226E0D}.Release|Any CPU.ActiveCfg = Release|Any CPU
		{D594C9CF-DD1B-4F26-B98F-E9D0E0226E0D}.Release|Any CPU.Build.0 = Release|Any CPU
	EndGlobalSection
	GlobalSection(SolutionProperties) = preSolution
		HideSolutionNode = FALSE
	EndGlobalSection
	GlobalSection(ExtensibilityGlobals) = postSolution
		SolutionGuid = {D56CD57B-5213-4C88-B766-A57F0F2C85D8}
	EndGlobalSection
EndGlobal
