
Microsoft Visual Studio Solution File, Format Version 12.00
# Visual Studio Version 16
VisualStudioVersion = 16.0.31624.102
MinimumVisualStudioVersion = 10.0.40219.1
Project("{FAE04EC0-301F-11D3-BF4B-00C04F79EFBC}") = "IComparable1", "IComparable1.csproj", "{0490DB2D-7349-48D1-A14F-DAF509C3B4F7}"
EndProject
Project("{FAE04EC0-301F-11D3-BF4B-00C04F79EFBC}") = "GenericList", "..\GenericList\GenericList.csproj", "{B54A3B0D-291F-4FC7-93E2-D9F1130D4CCC}"
EndProject
Project("{FAE04EC0-301F-11D3-BF4B-00C04F79EFBC}") = "GenericStack", "..\GenericStack\GenericStack.csproj", "{FB64AC6F-7993-40E5-9F98-E29D3AAEB21C}"
EndProject
Project("{FAE04EC0-301F-11D3-BF4B-00C04F79EFBC}") = "Genric_Stack", "..\Genric_Stack\Genric_Stack.csproj", "{5833ECBA-5086-41CB-B20E-156027C856AD}"
EndProject
Global
	GlobalSection(SolutionConfigurationPlatforms) = preSolution
		Debug|Any CPU = Debug|Any CPU
		Release|Any CPU = Release|Any CPU
	EndGlobalSection
	GlobalSection(ProjectConfigurationPlatforms) = postSolution
		{0490DB2D-7349-48D1-A14F-DAF509C3B4F7}.Debug|Any CPU.ActiveCfg = Debug|Any CPU
		{0490DB2D-7349-48D1-A14F-DAF509C3B4F7}.Debug|Any CPU.Build.0 = Debug|Any CPU
		{0490DB2D-7349-48D1-A14F-DAF509C3B4F7}.Release|Any CPU.ActiveCfg = Release|Any CPU
		{0490DB2D-7349-48D1-A14F-DAF509C3B4F7}.Release|Any CPU.Build.0 = Release|Any CPU
		{B54A3B0D-291F-4FC7-93E2-D9F1130D4CCC}.Debug|Any CPU.ActiveCfg = Debug|Any CPU
		{B54A3B0D-291F-4FC7-93E2-D9F1130D4CCC}.Debug|Any CPU.Build.0 = Debug|Any CPU
		{B54A3B0D-291F-4FC7-93E2-D9F1130D4CCC}.Release|Any CPU.ActiveCfg = Release|Any CPU
		{B54A3B0D-291F-4FC7-93E2-D9F1130D4CCC}.Release|Any CPU.Build.0 = Release|Any CPU
		{FB64AC6F-7993-40E5-9F98-E29D3AAEB21C}.Debug|Any CPU.ActiveCfg = Debug|Any CPU
		{FB64AC6F-7993-40E5-9F98-E29D3AAEB21C}.Debug|Any CPU.Build.0 = Debug|Any CPU
		{FB64AC6F-7993-40E5-9F98-E29D3AAEB21C}.Release|Any CPU.ActiveCfg = Release|Any CPU
		{FB64AC6F-7993-40E5-9F98-E29D3AAEB21C}.Release|Any CPU.Build.0 = Release|Any CPU
		{5833ECBA-5086-41CB-B20E-156027C856AD}.Debug|Any CPU.ActiveCfg = Debug|Any CPU
		{5833ECBA-5086-41CB-B20E-156027C856AD}.Debug|Any CPU.Build.0 = Debug|Any CPU
		{5833ECBA-5086-41CB-B20E-156027C856AD}.Release|Any CPU.ActiveCfg = Release|Any CPU
		{5833ECBA-5086-41CB-B20E-156027C856AD}.Release|Any CPU.Build.0 = Release|Any CPU
	EndGlobalSection
	GlobalSection(SolutionProperties) = preSolution
		HideSolutionNode = FALSE
	EndGlobalSection
	GlobalSection(ExtensibilityGlobals) = postSolution
		SolutionGuid = {FCD5980D-C509-44BD-A34F-7F17D71A1483}
	EndGlobalSection
EndGlobal
