
Microsoft Visual Studio Solution File, Format Version 12.00
# Visual Studio Version 16
VisualStudioVersion = 16.0.31613.86
MinimumVisualStudioVersion = 10.0.40219.1
Project("{FAE04EC0-301F-11D3-BF4B-00C04F79EFBC}") = "TwoDimMatrixAdd", "TwoDimMatrixAdd.csproj", "{C7510B00-2AAE-432A-A063-59B3C37710F9}"
EndProject
Global
	GlobalSection(SolutionConfigurationPlatforms) = preSolution
		Debug|Any CPU = Debug|Any CPU
		Release|Any CPU = Release|Any CPU
	EndGlobalSection
	GlobalSection(ProjectConfigurationPlatforms) = postSolution
		{C7510B00-2AAE-432A-A063-59B3C37710F9}.Debug|Any CPU.ActiveCfg = Debug|Any CPU
		{C7510B00-2AAE-432A-A063-59B3C37710F9}.Debug|Any CPU.Build.0 = Debug|Any CPU
		{C7510B00-2AAE-432A-A063-59B3C37710F9}.Release|Any CPU.ActiveCfg = Release|Any CPU
		{C7510B00-2AAE-432A-A063-59B3C37710F9}.Release|Any CPU.Build.0 = Release|Any CPU
	EndGlobalSection
	GlobalSection(SolutionProperties) = preSolution
		HideSolutionNode = FALSE
	EndGlobalSection
	GlobalSection(ExtensibilityGlobals) = postSolution
		SolutionGuid = {A980DB4A-54CE-4DAF-B19E-44C17C8238AB}
	EndGlobalSection
EndGlobal
