
Microsoft Visual Studio Solution File, Format Version 12.00
# Visual Studio Version 16
VisualStudioVersion = 16.0.31624.102
MinimumVisualStudioVersion = 10.0.40219.1
Project("{FAE04EC0-301F-11D3-BF4B-00C04F79EFBC}") = "Async_Await_Implement", "Async_Await_Implement.csproj", "{7100056B-5FE2-43E2-A3EC-2F1C4F511E14}"
EndProject
Project("{FAE04EC0-301F-11D3-BF4B-00C04F79EFBC}") = "Nullable_Parameters", "..\Nullable_Parameters\Nullable_Parameters.csproj", "{6A78C16E-C9ED-4431-93C9-2EBF00690A6B}"
EndProject
Project("{FAE04EC0-301F-11D3-BF4B-00C04F79EFBC}") = "Nullable_Practice2", "..\Nullable_Practice2\Nullable_Practice2.csproj", "{82187EAF-0AC1-4409-B027-C7E310574865}"
EndProject
Global
	GlobalSection(SolutionConfigurationPlatforms) = preSolution
		Debug|Any CPU = Debug|Any CPU
		Release|Any CPU = Release|Any CPU
	EndGlobalSection
	GlobalSection(ProjectConfigurationPlatforms) = postSolution
		{7100056B-5FE2-43E2-A3EC-2F1C4F511E14}.Debug|Any CPU.ActiveCfg = Debug|Any CPU
		{7100056B-5FE2-43E2-A3EC-2F1C4F511E14}.Debug|Any CPU.Build.0 = Debug|Any CPU
		{7100056B-5FE2-43E2-A3EC-2F1C4F511E14}.Release|Any CPU.ActiveCfg = Release|Any CPU
		{7100056B-5FE2-43E2-A3EC-2F1C4F511E14}.Release|Any CPU.Build.0 = Release|Any CPU
		{6A78C16E-C9ED-4431-93C9-2EBF00690A6B}.Debug|Any CPU.ActiveCfg = Debug|Any CPU
		{6A78C16E-C9ED-4431-93C9-2EBF00690A6B}.Debug|Any CPU.Build.0 = Debug|Any CPU
		{6A78C16E-C9ED-4431-93C9-2EBF00690A6B}.Release|Any CPU.ActiveCfg = Release|Any CPU
		{6A78C16E-C9ED-4431-93C9-2EBF00690A6B}.Release|Any CPU.Build.0 = Release|Any CPU
		{82187EAF-0AC1-4409-B027-C7E310574865}.Debug|Any CPU.ActiveCfg = Debug|Any CPU
		{82187EAF-0AC1-4409-B027-C7E310574865}.Debug|Any CPU.Build.0 = Debug|Any CPU
		{82187EAF-0AC1-4409-B027-C7E310574865}.Release|Any CPU.ActiveCfg = Release|Any CPU
		{82187EAF-0AC1-4409-B027-C7E310574865}.Release|Any CPU.Build.0 = Release|Any CPU
	EndGlobalSection
	GlobalSection(SolutionProperties) = preSolution
		HideSolutionNode = FALSE
	EndGlobalSection
	GlobalSection(ExtensibilityGlobals) = postSolution
		SolutionGuid = {5AFFD826-BE0A-42D8-96F4-CA924A1F4317}
	EndGlobalSection
EndGlobal
